{
  "version": 4,
  "terraform_version": "1.2.6",
  "serial": 10,
  "lineage": "09da1be4-2102-3090-c2a5-8341bcf4edbd",
  "outputs": {
    "kube_endpoint": {
      "value": "https://35750717-26a6-4601-be41-77cecf2ce1e1.k8s.ondigitalocean.com",
      "type": "string"
    }
  },
  "resources": [
    {
      "mode": "managed",
      "type": "digitalocean_kubernetes_cluster",
      "name": "k8s_iniciativa",
      "provider": "provider[\"registry.terraform.io/digitalocean/digitalocean\"]",
      "instances": [
        {
          "schema_version": 3,
          "attributes": {
            "auto_upgrade": false,
            "cluster_subnet": "10.244.0.0/16",
            "created_at": "2022-08-03 20:52:27 +0000 UTC",
            "endpoint": "https://35750717-26a6-4601-be41-77cecf2ce1e1.k8s.ondigitalocean.com",
            "ha": false,
            "id": "35750717-26a6-4601-be41-77cecf2ce1e1",
            "ipv4_address": "",
            "kube_config": [
              {
                "client_certificate": "",
                "client_key": "",
                "cluster_ca_certificate": "LS0tLS1CRUdJTiBDRVJUSUZJQ0FURS0tLS0tCk1JSURKekNDQWcrZ0F3SUJBZ0lDQm5Vd0RRWUpLb1pJaHZjTkFRRUxCUUF3TXpFVk1CTUdBMVVFQ2hNTVJHbG4KYVhSaGJFOWpaV0Z1TVJvd0dBWURWUVFERXhGck9ITmhZWE1nUTJ4MWMzUmxjaUJEUVRBZUZ3MHlNakE0TURNeQpNRFV5TXpWYUZ3MDBNakE0TURNeU1EVXlNelZhTURNeEZUQVRCZ05WQkFvVERFUnBaMmwwWVd4UFkyVmhiakVhCk1CZ0dBMVVFQXhNUmF6aHpZV0Z6SUVOc2RYTjBaWElnUTBFd2dnRWlNQTBHQ1NxR1NJYjNEUUVCQVFVQUE0SUIKRHdBd2dnRUtBb0lCQVFDMHppc3JTdnJTOUNxSFZOYUpDcWhOQTRmOTgrZklMYUIwcGxFdDJ3WDFIekloU2pjTApYaThsWnY0YmpMYjBBMEtMZ1VxcnZLTW1WeHUzNi9FQWdtSHVmM0hvSXJLeE8yY1NBaXhIZXJPMGpLR1EzU0pOCnNHTmZrYXNsSGlNbXhUSW10Q0tNejF0VVg4ZnJibHpDdHNIQUlBOXJ2ZWExVUpLYlRTdi81T1VmNk5uZmc4QWYKODBYOHM5Z0JQQnVBUGFsd240R1pwY3JtRVB6dFRRK2pXdzNwMGxGZUh4S0FnV0JaMEdiVG9mQitpejRjRDdncQp2MzEreFoxcC9VeHhkUVF2dysvRnM5V3RJZVhZMlZVM2VuNFRESVVxbVgwV3BiUitJalRQQjhKWHQ5SEs1bmpRCnNwWTdhajAva2VBR0F6czZ5cHNRY0tQbTBBKzRIbmFBV3E1YkFnTUJBQUdqUlRCRE1BNEdBMVVkRHdFQi93UUUKQXdJQmhqQVNCZ05WSFJNQkFmOEVDREFHQVFIL0FnRUFNQjBHQTFVZERnUVdCQlJPT0RTckJ5M2UvSnh4Rm1jMgp3MTdXTVI1WVF6QU5CZ2txaGtpRzl3MEJBUXNGQUFPQ0FRRUFQT0hxL3pXOEFIcGR3aENzMW9Rb2hKdkpqeUYxCk8rV1dSdDBpSmhCUVU0RUZlWUtHc2JneWM2WXlkYmEzWEpRR1lyblFweU15N1ExOFlaUW9uKzdKNzZsU3hzUDgKUVFJUmo3akpidFNpSHVLUGpVYmpUVG5QTUpmNU9LZ1BsNXhiMlRRSnhYdm5CR1d5SG5aM2xHMktyZTRMSXRrQQoyZkdmOFo3VHhUcDE0RjVtUVB5d0dDMzlvbFgxR1NkZm9GcG5mWkUxbDZCWDVVL2tXQ01nOEY5empkL0c3dExUClp5UnN3R3ZMd25WL3ZDWmxJV0xWTGtya2p4dVlPdjNlQVpMMEprajZkZGNWb2FVMDBvdjBZWHBaL0xQYWtNNlQKbG5Jck5zeTZrVHVWQU02QWFvbHI0UGdzRkU1M2pkaEZTMm5zQjhqcUJSY1lzRG9SU0RPS0ZJN2FiQT09Ci0tLS0tRU5EIENFUlRJRklDQVRFLS0tLS0K",
                "expires_at": "2022-08-10T20:59:17Z",
                "host": "https://35750717-26a6-4601-be41-77cecf2ce1e1.k8s.ondigitalocean.com",
                "raw_config": "apiVersion: v1\nkind: Config\nclusters:\n- cluster:\n    certificate-authority-data: LS0tLS1CRUdJTiBDRVJUSUZJQ0FURS0tLS0tCk1JSURKekNDQWcrZ0F3SUJBZ0lDQm5Vd0RRWUpLb1pJaHZjTkFRRUxCUUF3TXpFVk1CTUdBMVVFQ2hNTVJHbG4KYVhSaGJFOWpaV0Z1TVJvd0dBWURWUVFERXhGck9ITmhZWE1nUTJ4MWMzUmxjaUJEUVRBZUZ3MHlNakE0TURNeQpNRFV5TXpWYUZ3MDBNakE0TURNeU1EVXlNelZhTURNeEZUQVRCZ05WQkFvVERFUnBaMmwwWVd4UFkyVmhiakVhCk1CZ0dBMVVFQXhNUmF6aHpZV0Z6SUVOc2RYTjBaWElnUTBFd2dnRWlNQTBHQ1NxR1NJYjNEUUVCQVFVQUE0SUIKRHdBd2dnRUtBb0lCQVFDMHppc3JTdnJTOUNxSFZOYUpDcWhOQTRmOTgrZklMYUIwcGxFdDJ3WDFIekloU2pjTApYaThsWnY0YmpMYjBBMEtMZ1VxcnZLTW1WeHUzNi9FQWdtSHVmM0hvSXJLeE8yY1NBaXhIZXJPMGpLR1EzU0pOCnNHTmZrYXNsSGlNbXhUSW10Q0tNejF0VVg4ZnJibHpDdHNIQUlBOXJ2ZWExVUpLYlRTdi81T1VmNk5uZmc4QWYKODBYOHM5Z0JQQnVBUGFsd240R1pwY3JtRVB6dFRRK2pXdzNwMGxGZUh4S0FnV0JaMEdiVG9mQitpejRjRDdncQp2MzEreFoxcC9VeHhkUVF2dysvRnM5V3RJZVhZMlZVM2VuNFRESVVxbVgwV3BiUitJalRQQjhKWHQ5SEs1bmpRCnNwWTdhajAva2VBR0F6czZ5cHNRY0tQbTBBKzRIbmFBV3E1YkFnTUJBQUdqUlRCRE1BNEdBMVVkRHdFQi93UUUKQXdJQmhqQVNCZ05WSFJNQkFmOEVDREFHQVFIL0FnRUFNQjBHQTFVZERnUVdCQlJPT0RTckJ5M2UvSnh4Rm1jMgp3MTdXTVI1WVF6QU5CZ2txaGtpRzl3MEJBUXNGQUFPQ0FRRUFQT0hxL3pXOEFIcGR3aENzMW9Rb2hKdkpqeUYxCk8rV1dSdDBpSmhCUVU0RUZlWUtHc2JneWM2WXlkYmEzWEpRR1lyblFweU15N1ExOFlaUW9uKzdKNzZsU3hzUDgKUVFJUmo3akpidFNpSHVLUGpVYmpUVG5QTUpmNU9LZ1BsNXhiMlRRSnhYdm5CR1d5SG5aM2xHMktyZTRMSXRrQQoyZkdmOFo3VHhUcDE0RjVtUVB5d0dDMzlvbFgxR1NkZm9GcG5mWkUxbDZCWDVVL2tXQ01nOEY5empkL0c3dExUClp5UnN3R3ZMd25WL3ZDWmxJV0xWTGtya2p4dVlPdjNlQVpMMEprajZkZGNWb2FVMDBvdjBZWHBaL0xQYWtNNlQKbG5Jck5zeTZrVHVWQU02QWFvbHI0UGdzRkU1M2pkaEZTMm5zQjhqcUJSY1lzRG9SU0RPS0ZJN2FiQT09Ci0tLS0tRU5EIENFUlRJRklDQVRFLS0tLS0K\n    server: https://35750717-26a6-4601-be41-77cecf2ce1e1.k8s.ondigitalocean.com\n  name: do-nyc1-k8s-iniciativa-devops\ncontexts:\n- context:\n    cluster: do-nyc1-k8s-iniciativa-devops\n    user: do-nyc1-k8s-iniciativa-devops-admin\n  name: do-nyc1-k8s-iniciativa-devops\ncurrent-context: do-nyc1-k8s-iniciativa-devops\nusers:\n- name: do-nyc1-k8s-iniciativa-devops-admin\n  user:\n    token: dop_v1_ddb366f97043b282aa35ed31f856d0a399930f077067d86aa5d4c9a98e313d0f\n",
                "token": "dop_v1_ddb366f97043b282aa35ed31f856d0a399930f077067d86aa5d4c9a98e313d0f"
              }
            ],
            "maintenance_policy": [
              {
                "day": "any",
                "duration": "4h0m0s",
                "start_time": "12:00"
              }
            ],
            "name": "k8s-iniciativa-devops",
            "node_pool": [
              {
                "actual_node_count": 3,
                "auto_scale": false,
                "id": "e475a3ed-eefd-4b50-ba16-a5d28dae26a6",
                "labels": {},
                "max_nodes": 0,
                "min_nodes": 0,
                "name": "worker-pool",
                "node_count": 3,
                "nodes": [
                  {
                    "created_at": "2022-08-03 20:52:27 +0000 UTC",
                    "droplet_id": "311108362",
                    "id": "60727c80-2003-428f-a6b5-2666a377ce39",
                    "name": "worker-pool-7nq3b",
                    "status": "running",
                    "updated_at": "2022-08-03 20:54:35 +0000 UTC"
                  },
                  {
                    "created_at": "2022-08-03 20:52:27 +0000 UTC",
                    "droplet_id": "311108364",
                    "id": "fda99ef0-3370-4497-afb6-6af3eb944835",
                    "name": "worker-pool-7nq3w",
                    "status": "running",
                    "updated_at": "2022-08-03 20:53:56 +0000 UTC"
                  },
                  {
                    "created_at": "2022-08-03 20:52:27 +0000 UTC",
                    "droplet_id": "311108363",
                    "id": "a8b78151-bec5-43f7-995e-aa2f58ff7a34",
                    "name": "worker-pool-7nq3g",
                    "status": "running",
                    "updated_at": "2022-08-03 20:53:56 +0000 UTC"
                  }
                ],
                "size": "s-2vcpu-4gb",
                "tags": [],
                "taint": []
              }
            ],
            "region": "nyc1",
            "service_subnet": "10.245.0.0/16",
            "status": "running",
            "surge_upgrade": true,
            "tags": [],
            "timeouts": null,
            "updated_at": "2022-08-03 21:05:36 +0000 UTC",
            "urn": "do:kubernetes:35750717-26a6-4601-be41-77cecf2ce1e1",
            "version": "1.23.9-do.0",
            "vpc_uuid": "5474241c-7f6d-4df4-9021-78e5d1b308fe"
          },
          "sensitive_attributes": [],
          "private": "eyJlMmJmYjczMC1lY2FhLTExZTYtOGY4OC0zNDM2M2JjN2M0YzAiOnsiY3JlYXRlIjoxODAwMDAwMDAwMDAwfSwic2NoZW1hX3ZlcnNpb24iOiIzIn0="
        }
      ]
    },
    {
      "mode": "managed",
      "type": "digitalocean_kubernetes_node_pool",
      "name": "node_premium",
      "provider": "provider[\"registry.terraform.io/digitalocean/digitalocean\"]",
      "instances": [
        {
          "schema_version": 1,
          "attributes": {
            "actual_node_count": 2,
            "auto_scale": false,
            "cluster_id": "35750717-26a6-4601-be41-77cecf2ce1e1",
            "id": "d59d2d7d-71e2-45fc-b4fe-21e810b7858d",
            "labels": {},
            "max_nodes": 0,
            "min_nodes": 0,
            "name": "premium",
            "node_count": 2,
            "nodes": [
              {
                "created_at": "2022-08-03 21:00:10 +0000 UTC",
                "droplet_id": "311108845",
                "id": "ce0ab933-0a8f-4e51-8973-92f4c4a4889b",
                "name": "premium-7nq78",
                "status": "running",
                "updated_at": "2022-08-03 21:00:16 +0000 UTC"
              },
              {
                "created_at": "2022-08-03 21:00:10 +0000 UTC",
                "droplet_id": "311108846",
                "id": "e29a4644-d2f2-472b-a3c6-1884771ac137",
                "name": "premium-7nq7u",
                "status": "running",
                "updated_at": "2022-08-03 21:00:16 +0000 UTC"
              }
            ],
            "size": "s-4vcpu-8gb",
            "tags": [],
            "taint": [],
            "timeouts": null
          },
          "sensitive_attributes": [],
          "private": "eyJlMmJmYjczMC1lY2FhLTExZTYtOGY4OC0zNDM2M2JjN2M0YzAiOnsiY3JlYXRlIjoxODAwMDAwMDAwMDAwLCJkZWxldGUiOjE4MDAwMDAwMDAwMDB9LCJzY2hlbWFfdmVyc2lvbiI6IjEifQ==",
          "dependencies": [
            "digitalocean_kubernetes_cluster.k8s_iniciativa"
          ]
        }
      ]
    }
  ]
}
